
Microsoft Visual Studio Solution File, Format Version 12.00
# Visual Studio Version 16
VisualStudioVersion = 16.0.31410.357
MinimumVisualStudioVersion = 10.0.40219.1
Project("{FAE04EC0-301F-11D3-BF4B-00C04F79EFBC}") = "Assignmentsd", "Assignmentsd\Assignmentsd.csproj", "{D6E674C8-7FE3-4F63-8D9C-A4347BB6F0B0}"
EndProject
Global
	GlobalSection(SolutionConfigurationPlatforms) = preSolution
		Debug|Any CPU = Debug|Any CPU
		Release|Any CPU = Release|Any CPU
	EndGlobalSection
	GlobalSection(ProjectConfigurationPlatforms) = postSolution
		{D6E674C8-7FE3-4F63-8D9C-A4347BB6F0B0}.Debug|Any CPU.ActiveCfg = Debug|Any CPU
		{D6E674C8-7FE3-4F63-8D9C-A4347BB6F0B0}.Debug|Any CPU.Build.0 = Debug|Any CPU
		{D6E674C8-7FE3-4F63-8D9C-A4347BB6F0B0}.Release|Any CPU.ActiveCfg = Release|Any CPU
		{D6E674C8-7FE3-4F63-8D9C-A4347BB6F0B0}.Release|Any CPU.Build.0 = Release|Any CPU
	EndGlobalSection
	GlobalSection(SolutionProperties) = preSolution
		HideSolutionNode = FALSE
	EndGlobalSection
	GlobalSection(ExtensibilityGlobals) = postSolution
		SolutionGuid = {D87D1C2A-8B5F-438A-95F7-94D59F2D5880}
	EndGlobalSection
EndGlobal
